
Microsoft Visual Studio Solution File, Format Version 12.00
# Visual Studio 2012
Project("{8BC9CEB8-8B4A-11D0-8D11-00A0C91BC942}") = "libuv", "libuv.vcxproj", "{8ABEA86A-7F70-4F69-AF2F-E02E7313A9C0}"
EndProject
Project("{8BC9CEB8-8B4A-11D0-8D11-00A0C91BC942}") = "libprotobuf", "libprotobuf.vcxproj", "{3E283F37-A4ED-41B7-A3E6-A2D89D131A30}"
EndProject
Project("{8BC9CEB8-8B4A-11D0-8D11-00A0C91BC942}") = "test_uv", "test_uv.vcxproj", "{54692DF0-DA52-47B5-984C-2A05180D9CA4}"
EndProject
Project("{8BC9CEB8-8B4A-11D0-8D11-00A0C91BC942}") = "test_ace", "test_ace.vcxproj", "{52F081C1-C72F-4497-8635-251253274551}"
EndProject
Project("{8BC9CEB8-8B4A-11D0-8D11-00A0C91BC942}") = "core", "core.vcxproj", "{3E4568E0-6D76-44F4-886E-2D1C21421515}"
EndProject
Project("{8BC9CEB8-8B4A-11D0-8D11-00A0C91BC942}") = "serverlogic", "serverlogic.vcxproj", "{30ECC109-7570-4E19-B06F-DFBF22B4B348}"
EndProject
Project("{8BC9CEB8-8B4A-11D0-8D11-00A0C91BC942}") = "protocol", "protocol.vcxproj", "{97C693DF-554B-4EC8-AA58-A3394BBBB416}"
EndProject
Project("{8BC9CEB8-8B4A-11D0-8D11-00A0C91BC942}") = "v8", "v8.vcxproj", "{0CBE6378-71C2-7B1A-664F-C5584F1973ED}"
EndProject
Project("{8BC9CEB8-8B4A-11D0-8D11-00A0C91BC942}") = "tbb", "tbb.vcxproj", "{F62787DD-1327-448B-9818-030062BCFAA5}"
EndProject
Project("{8BC9CEB8-8B4A-11D0-8D11-00A0C91BC942}") = "tbbmalloc", "tbbmalloc.vcxproj", "{B15F131E-328A-4D42-ADC2-9FF4CA6306D8}"
EndProject
Project("{8BC9CEB8-8B4A-11D0-8D11-00A0C91BC942}") = "tbbmalloc_proxy", "tbbmalloc_proxy.vcxproj", "{02F61511-D5B6-46E6-B4BB-DEAA96E6BCC7}"
EndProject
Project("{8BC9CEB8-8B4A-11D0-8D11-00A0C91BC942}") = "launcher_uv", "launcher_uv.vcxproj", "{F700DFE1-D560-44D5-89DF-4AE8EC2A9396}"
EndProject
Project("{8BC9CEB8-8B4A-11D0-8D11-00A0C91BC942}") = "libquic", "..\Project1\Project1.vcxproj", "{FC56F50B-7AF5-44DA-B9D3-BD095D7F641D}"
EndProject
Global
	GlobalSection(SolutionConfigurationPlatforms) = preSolution
		Debug|Win32 = Debug|Win32
		Debug|x64 = Debug|x64
		Release|Win32 = Release|Win32
		Release|x64 = Release|x64
		Template|Win32 = Template|Win32
		Template|x64 = Template|x64
	EndGlobalSection
	GlobalSection(ProjectConfigurationPlatforms) = postSolution
		{8ABEA86A-7F70-4F69-AF2F-E02E7313A9C0}.Debug|Win32.ActiveCfg = Debug|Win32
		{8ABEA86A-7F70-4F69-AF2F-E02E7313A9C0}.Debug|Win32.Build.0 = Debug|Win32
		{8ABEA86A-7F70-4F69-AF2F-E02E7313A9C0}.Debug|x64.ActiveCfg = Debug|Win32
		{8ABEA86A-7F70-4F69-AF2F-E02E7313A9C0}.Debug|x64.Build.0 = Debug|Win32
		{8ABEA86A-7F70-4F69-AF2F-E02E7313A9C0}.Release|Win32.ActiveCfg = Release|Win32
		{8ABEA86A-7F70-4F69-AF2F-E02E7313A9C0}.Release|Win32.Build.0 = Release|Win32
		{8ABEA86A-7F70-4F69-AF2F-E02E7313A9C0}.Release|x64.ActiveCfg = Release|Win32
		{8ABEA86A-7F70-4F69-AF2F-E02E7313A9C0}.Release|x64.Build.0 = Release|Win32
		{8ABEA86A-7F70-4F69-AF2F-E02E7313A9C0}.Template|Win32.ActiveCfg = Release|Win32
		{8ABEA86A-7F70-4F69-AF2F-E02E7313A9C0}.Template|Win32.Build.0 = Release|Win32
		{8ABEA86A-7F70-4F69-AF2F-E02E7313A9C0}.Template|x64.ActiveCfg = Release|Win32
		{8ABEA86A-7F70-4F69-AF2F-E02E7313A9C0}.Template|x64.Build.0 = Release|Win32
		{3E283F37-A4ED-41B7-A3E6-A2D89D131A30}.Debug|Win32.ActiveCfg = Debug|Win32
		{3E283F37-A4ED-41B7-A3E6-A2D89D131A30}.Debug|Win32.Build.0 = Debug|Win32
		{3E283F37-A4ED-41B7-A3E6-A2D89D131A30}.Debug|x64.ActiveCfg = Debug|Win32
		{3E283F37-A4ED-41B7-A3E6-A2D89D131A30}.Release|Win32.ActiveCfg = Release|Win32
		{3E283F37-A4ED-41B7-A3E6-A2D89D131A30}.Release|Win32.Build.0 = Release|Win32
		{3E283F37-A4ED-41B7-A3E6-A2D89D131A30}.Release|x64.ActiveCfg = Release|Win32
		{3E283F37-A4ED-41B7-A3E6-A2D89D131A30}.Template|Win32.ActiveCfg = Release|Win32
		{3E283F37-A4ED-41B7-A3E6-A2D89D131A30}.Template|Win32.Build.0 = Release|Win32
		{3E283F37-A4ED-41B7-A3E6-A2D89D131A30}.Template|x64.ActiveCfg = Release|Win32
		{54692DF0-DA52-47B5-984C-2A05180D9CA4}.Debug|Win32.ActiveCfg = Debug|Win32
		{54692DF0-DA52-47B5-984C-2A05180D9CA4}.Debug|Win32.Build.0 = Debug|Win32
		{54692DF0-DA52-47B5-984C-2A05180D9CA4}.Debug|x64.ActiveCfg = Debug|Win32
		{54692DF0-DA52-47B5-984C-2A05180D9CA4}.Debug|x64.Build.0 = Debug|Win32
		{54692DF0-DA52-47B5-984C-2A05180D9CA4}.Release|Win32.ActiveCfg = Release|Win32
		{54692DF0-DA52-47B5-984C-2A05180D9CA4}.Release|Win32.Build.0 = Release|Win32
		{54692DF0-DA52-47B5-984C-2A05180D9CA4}.Release|x64.ActiveCfg = Release|Win32
		{54692DF0-DA52-47B5-984C-2A05180D9CA4}.Release|x64.Build.0 = Release|Win32
		{54692DF0-DA52-47B5-984C-2A05180D9CA4}.Template|Win32.ActiveCfg = Release|Win32
		{54692DF0-DA52-47B5-984C-2A05180D9CA4}.Template|Win32.Build.0 = Release|Win32
		{54692DF0-DA52-47B5-984C-2A05180D9CA4}.Template|x64.ActiveCfg = Release|Win32
		{54692DF0-DA52-47B5-984C-2A05180D9CA4}.Template|x64.Build.0 = Release|Win32
		{52F081C1-C72F-4497-8635-251253274551}.Debug|Win32.ActiveCfg = Debug|Win32
		{52F081C1-C72F-4497-8635-251253274551}.Debug|Win32.Build.0 = Debug|Win32
		{52F081C1-C72F-4497-8635-251253274551}.Debug|x64.ActiveCfg = Debug|Win32
		{52F081C1-C72F-4497-8635-251253274551}.Release|Win32.ActiveCfg = Release|Win32
		{52F081C1-C72F-4497-8635-251253274551}.Release|Win32.Build.0 = Release|Win32
		{52F081C1-C72F-4497-8635-251253274551}.Release|x64.ActiveCfg = Release|Win32
		{52F081C1-C72F-4497-8635-251253274551}.Template|Win32.ActiveCfg = Release|Win32
		{52F081C1-C72F-4497-8635-251253274551}.Template|Win32.Build.0 = Release|Win32
		{52F081C1-C72F-4497-8635-251253274551}.Template|x64.ActiveCfg = Release|Win32
		{3E4568E0-6D76-44F4-886E-2D1C21421515}.Debug|Win32.ActiveCfg = Debug|Win32
		{3E4568E0-6D76-44F4-886E-2D1C21421515}.Debug|Win32.Build.0 = Debug|Win32
		{3E4568E0-6D76-44F4-886E-2D1C21421515}.Debug|x64.ActiveCfg = Debug|Win32
		{3E4568E0-6D76-44F4-886E-2D1C21421515}.Release|Win32.ActiveCfg = Release|Win32
		{3E4568E0-6D76-44F4-886E-2D1C21421515}.Release|Win32.Build.0 = Release|Win32
		{3E4568E0-6D76-44F4-886E-2D1C21421515}.Release|x64.ActiveCfg = Release|Win32
		{3E4568E0-6D76-44F4-886E-2D1C21421515}.Template|Win32.ActiveCfg = Release|Win32
		{3E4568E0-6D76-44F4-886E-2D1C21421515}.Template|Win32.Build.0 = Release|Win32
		{3E4568E0-6D76-44F4-886E-2D1C21421515}.Template|x64.ActiveCfg = Release|Win32
		{30ECC109-7570-4E19-B06F-DFBF22B4B348}.Debug|Win32.ActiveCfg = Debug|Win32
		{30ECC109-7570-4E19-B06F-DFBF22B4B348}.Debug|Win32.Build.0 = Debug|Win32
		{30ECC109-7570-4E19-B06F-DFBF22B4B348}.Debug|x64.ActiveCfg = Debug|Win32
		{30ECC109-7570-4E19-B06F-DFBF22B4B348}.Release|Win32.ActiveCfg = Release|Win32
		{30ECC109-7570-4E19-B06F-DFBF22B4B348}.Release|Win32.Build.0 = Release|Win32
		{30ECC109-7570-4E19-B06F-DFBF22B4B348}.Release|x64.ActiveCfg = Release|Win32
		{30ECC109-7570-4E19-B06F-DFBF22B4B348}.Template|Win32.ActiveCfg = Release|Win32
		{30ECC109-7570-4E19-B06F-DFBF22B4B348}.Template|Win32.Build.0 = Release|Win32
		{30ECC109-7570-4E19-B06F-DFBF22B4B348}.Template|x64.ActiveCfg = Release|Win32
		{97C693DF-554B-4EC8-AA58-A3394BBBB416}.Debug|Win32.ActiveCfg = Debug|Win32
		{97C693DF-554B-4EC8-AA58-A3394BBBB416}.Debug|Win32.Build.0 = Debug|Win32
		{97C693DF-554B-4EC8-AA58-A3394BBBB416}.Debug|x64.ActiveCfg = Debug|Win32
		{97C693DF-554B-4EC8-AA58-A3394BBBB416}.Release|Win32.ActiveCfg = Release|Win32
		{97C693DF-554B-4EC8-AA58-A3394BBBB416}.Release|Win32.Build.0 = Release|Win32
		{97C693DF-554B-4EC8-AA58-A3394BBBB416}.Release|x64.ActiveCfg = Release|Win32
		{97C693DF-554B-4EC8-AA58-A3394BBBB416}.Template|Win32.ActiveCfg = Release|Win32
		{97C693DF-554B-4EC8-AA58-A3394BBBB416}.Template|Win32.Build.0 = Release|Win32
		{97C693DF-554B-4EC8-AA58-A3394BBBB416}.Template|x64.ActiveCfg = Release|Win32
		{0CBE6378-71C2-7B1A-664F-C5584F1973ED}.Debug|Win32.ActiveCfg = Debug|Win32
		{0CBE6378-71C2-7B1A-664F-C5584F1973ED}.Debug|Win32.Build.0 = Debug|Win32
		{0CBE6378-71C2-7B1A-664F-C5584F1973ED}.Debug|x64.ActiveCfg = Debug|Win32
		{0CBE6378-71C2-7B1A-664F-C5584F1973ED}.Release|Win32.ActiveCfg = Release|Win32
		{0CBE6378-71C2-7B1A-664F-C5584F1973ED}.Release|Win32.Build.0 = Release|Win32
		{0CBE6378-71C2-7B1A-664F-C5584F1973ED}.Release|x64.ActiveCfg = Release|Win32
		{0CBE6378-71C2-7B1A-664F-C5584F1973ED}.Template|Win32.ActiveCfg = Release|Win32
		{0CBE6378-71C2-7B1A-664F-C5584F1973ED}.Template|Win32.Build.0 = Release|Win32
		{0CBE6378-71C2-7B1A-664F-C5584F1973ED}.Template|x64.ActiveCfg = Release|Win32
		{F62787DD-1327-448B-9818-030062BCFAA5}.Debug|Win32.ActiveCfg = Debug|Win32
		{F62787DD-1327-448B-9818-030062BCFAA5}.Debug|Win32.Build.0 = Debug|Win32
		{F62787DD-1327-448B-9818-030062BCFAA5}.Debug|x64.ActiveCfg = Debug|x64
		{F62787DD-1327-448B-9818-030062BCFAA5}.Debug|x64.Build.0 = Debug|x64
		{F62787DD-1327-448B-9818-030062BCFAA5}.Release|Win32.ActiveCfg = Release|Win32
		{F62787DD-1327-448B-9818-030062BCFAA5}.Release|Win32.Build.0 = Release|Win32
		{F62787DD-1327-448B-9818-030062BCFAA5}.Release|x64.ActiveCfg = Release|x64
		{F62787DD-1327-448B-9818-030062BCFAA5}.Release|x64.Build.0 = Release|x64
		{F62787DD-1327-448B-9818-030062BCFAA5}.Template|Win32.ActiveCfg = Debug-MT|Win32
		{F62787DD-1327-448B-9818-030062BCFAA5}.Template|Win32.Build.0 = Debug-MT|Win32
		{F62787DD-1327-448B-9818-030062BCFAA5}.Template|x64.ActiveCfg = Debug-MT|x64
		{F62787DD-1327-448B-9818-030062BCFAA5}.Template|x64.Build.0 = Debug-MT|x64
		{B15F131E-328A-4D42-ADC2-9FF4CA6306D8}.Debug|Win32.ActiveCfg = Debug|Win32
		{B15F131E-328A-4D42-ADC2-9FF4CA6306D8}.Debug|Win32.Build.0 = Debug|Win32
		{B15F131E-328A-4D42-ADC2-9FF4CA6306D8}.Debug|x64.ActiveCfg = Debug|x64
		{B15F131E-328A-4D42-ADC2-9FF4CA6306D8}.Debug|x64.Build.0 = Debug|x64
		{B15F131E-328A-4D42-ADC2-9FF4CA6306D8}.Release|Win32.ActiveCfg = Release|Win32
		{B15F131E-328A-4D42-ADC2-9FF4CA6306D8}.Release|Win32.Build.0 = Release|Win32
		{B15F131E-328A-4D42-ADC2-9FF4CA6306D8}.Release|x64.ActiveCfg = Release|x64
		{B15F131E-328A-4D42-ADC2-9FF4CA6306D8}.Release|x64.Build.0 = Release|x64
		{B15F131E-328A-4D42-ADC2-9FF4CA6306D8}.Template|Win32.ActiveCfg = Debug-MT|Win32
		{B15F131E-328A-4D42-ADC2-9FF4CA6306D8}.Template|Win32.Build.0 = Debug-MT|Win32
		{B15F131E-328A-4D42-ADC2-9FF4CA6306D8}.Template|x64.ActiveCfg = Debug-MT|x64
		{B15F131E-328A-4D42-ADC2-9FF4CA6306D8}.Template|x64.Build.0 = Debug-MT|x64
		{02F61511-D5B6-46E6-B4BB-DEAA96E6BCC7}.Debug|Win32.ActiveCfg = Debug|Win32
		{02F61511-D5B6-46E6-B4BB-DEAA96E6BCC7}.Debug|Win32.Build.0 = Debug|Win32
		{02F61511-D5B6-46E6-B4BB-DEAA96E6BCC7}.Debug|x64.ActiveCfg = Debug|x64
		{02F61511-D5B6-46E6-B4BB-DEAA96E6BCC7}.Debug|x64.Build.0 = Debug|x64
		{02F61511-D5B6-46E6-B4BB-DEAA96E6BCC7}.Release|Win32.ActiveCfg = Release|Win32
		{02F61511-D5B6-46E6-B4BB-DEAA96E6BCC7}.Release|Win32.Build.0 = Release|Win32
		{02F61511-D5B6-46E6-B4BB-DEAA96E6BCC7}.Release|x64.ActiveCfg = Release|x64
		{02F61511-D5B6-46E6-B4BB-DEAA96E6BCC7}.Release|x64.Build.0 = Release|x64
		{02F61511-D5B6-46E6-B4BB-DEAA96E6BCC7}.Template|Win32.ActiveCfg = Debug-MT|Win32
		{02F61511-D5B6-46E6-B4BB-DEAA96E6BCC7}.Template|Win32.Build.0 = Debug-MT|Win32
		{02F61511-D5B6-46E6-B4BB-DEAA96E6BCC7}.Template|x64.ActiveCfg = Debug-MT|x64
		{02F61511-D5B6-46E6-B4BB-DEAA96E6BCC7}.Template|x64.Build.0 = Debug-MT|x64
		{F700DFE1-D560-44D5-89DF-4AE8EC2A9396}.Debug|Win32.ActiveCfg = Debug|Win32
		{F700DFE1-D560-44D5-89DF-4AE8EC2A9396}.Debug|Win32.Build.0 = Debug|Win32
		{F700DFE1-D560-44D5-89DF-4AE8EC2A9396}.Debug|x64.ActiveCfg = Debug|Win32
		{F700DFE1-D560-44D5-89DF-4AE8EC2A9396}.Release|Win32.ActiveCfg = Release|Win32
		{F700DFE1-D560-44D5-89DF-4AE8EC2A9396}.Release|Win32.Build.0 = Release|Win32
		{F700DFE1-D560-44D5-89DF-4AE8EC2A9396}.Release|x64.ActiveCfg = Release|Win32
		{F700DFE1-D560-44D5-89DF-4AE8EC2A9396}.Template|Win32.ActiveCfg = Release|Win32
		{F700DFE1-D560-44D5-89DF-4AE8EC2A9396}.Template|Win32.Build.0 = Release|Win32
		{F700DFE1-D560-44D5-89DF-4AE8EC2A9396}.Template|x64.ActiveCfg = Release|Win32
		{FC56F50B-7AF5-44DA-B9D3-BD095D7F641D}.Debug|Win32.ActiveCfg = Debug|Win32
		{FC56F50B-7AF5-44DA-B9D3-BD095D7F641D}.Debug|Win32.Build.0 = Debug|Win32
		{FC56F50B-7AF5-44DA-B9D3-BD095D7F641D}.Debug|x64.ActiveCfg = Debug|Win32
		{FC56F50B-7AF5-44DA-B9D3-BD095D7F641D}.Release|Win32.ActiveCfg = Release|Win32
		{FC56F50B-7AF5-44DA-B9D3-BD095D7F641D}.Release|Win32.Build.0 = Release|Win32
		{FC56F50B-7AF5-44DA-B9D3-BD095D7F641D}.Release|x64.ActiveCfg = Release|Win32
		{FC56F50B-7AF5-44DA-B9D3-BD095D7F641D}.Template|Win32.ActiveCfg = Release|Win32
		{FC56F50B-7AF5-44DA-B9D3-BD095D7F641D}.Template|Win32.Build.0 = Release|Win32
		{FC56F50B-7AF5-44DA-B9D3-BD095D7F641D}.Template|x64.ActiveCfg = Release|Win32
	EndGlobalSection
	GlobalSection(SolutionProperties) = preSolution
		HideSolutionNode = FALSE
	EndGlobalSection
EndGlobal
